
Microsoft Visual Studio Solution File, Format Version 12.00
# Visual Studio 2013
VisualStudioVersion = 12.0.31101.0
MinimumVisualStudioVersion = 10.0.40219.1
Project("{8BC9CEB8-8B4A-11D0-8D11-00A0C91BC942}") = "439 2 C", "CF\CF.vcxproj", "{B8CB3717-C911-4E8E-A7C7-7F6B6A736C7C}"
EndProject
Project("{8BC9CEB8-8B4A-11D0-8D11-00A0C91BC942}") = "30 A", "30 A\30 A.vcxproj", "{BD8ADCDD-161B-477C-9158-48505EBD882A}"
EndProject
Project("{8BC9CEB8-8B4A-11D0-8D11-00A0C91BC942}") = "30 B", "30 B\30 B.vcxproj", "{84B5926D-3EF4-4DB4-9B99-868CBA305E2E}"
EndProject
Project("{8BC9CEB8-8B4A-11D0-8D11-00A0C91BC942}") = "440 2 A", "440 2 A\440 2 A.vcxproj", "{5DCFF006-26B5-4A6E-95FC-F8B69B123CA2}"
EndProject
Project("{8BC9CEB8-8B4A-11D0-8D11-00A0C91BC942}") = "440 2 B", "440 2 B\440 2 B.vcxproj", "{2539141D-BE87-429B-BEE3-2F647A8A6C4F}"
EndProject
Project("{8BC9CEB8-8B4A-11D0-8D11-00A0C91BC942}") = "440 2 C", "440 2 C\440 2 C.vcxproj", "{EE730E49-4350-4297-AC99-2A9529CAB98D}"
EndProject
Project("{8BC9CEB8-8B4A-11D0-8D11-00A0C91BC942}") = "随笔", "ConsoleApplication1\ConsoleApplication1.vcxproj", "{332898E6-4CBD-4848-B676-C8F52954EF79}"
EndProject
Project("{8BC9CEB8-8B4A-11D0-8D11-00A0C91BC942}") = "432 1 A", "432 1 A\432 1 A.vcxproj", "{02B086BE-28AC-4D12-BCF5-312719E9B4CC}"
EndProject
Global
	GlobalSection(SolutionConfigurationPlatforms) = preSolution
		Debug|Win32 = Debug|Win32
		Release|Win32 = Release|Win32
	EndGlobalSection
	GlobalSection(ProjectConfigurationPlatforms) = postSolution
		{B8CB3717-C911-4E8E-A7C7-7F6B6A736C7C}.Debug|Win32.ActiveCfg = Debug|Win32
		{B8CB3717-C911-4E8E-A7C7-7F6B6A736C7C}.Debug|Win32.Build.0 = Debug|Win32
		{B8CB3717-C911-4E8E-A7C7-7F6B6A736C7C}.Release|Win32.ActiveCfg = Release|Win32
		{B8CB3717-C911-4E8E-A7C7-7F6B6A736C7C}.Release|Win32.Build.0 = Release|Win32
		{BD8ADCDD-161B-477C-9158-48505EBD882A}.Debug|Win32.ActiveCfg = Debug|Win32
		{BD8ADCDD-161B-477C-9158-48505EBD882A}.Debug|Win32.Build.0 = Debug|Win32
		{BD8ADCDD-161B-477C-9158-48505EBD882A}.Release|Win32.ActiveCfg = Release|Win32
		{BD8ADCDD-161B-477C-9158-48505EBD882A}.Release|Win32.Build.0 = Release|Win32
		{84B5926D-3EF4-4DB4-9B99-868CBA305E2E}.Debug|Win32.ActiveCfg = Debug|Win32
		{84B5926D-3EF4-4DB4-9B99-868CBA305E2E}.Debug|Win32.Build.0 = Debug|Win32
		{84B5926D-3EF4-4DB4-9B99-868CBA305E2E}.Release|Win32.ActiveCfg = Release|Win32
		{84B5926D-3EF4-4DB4-9B99-868CBA305E2E}.Release|Win32.Build.0 = Release|Win32
		{5DCFF006-26B5-4A6E-95FC-F8B69B123CA2}.Debug|Win32.ActiveCfg = Debug|Win32
		{5DCFF006-26B5-4A6E-95FC-F8B69B123CA2}.Debug|Win32.Build.0 = Debug|Win32
		{5DCFF006-26B5-4A6E-95FC-F8B69B123CA2}.Release|Win32.ActiveCfg = Release|Win32
		{5DCFF006-26B5-4A6E-95FC-F8B69B123CA2}.Release|Win32.Build.0 = Release|Win32
		{2539141D-BE87-429B-BEE3-2F647A8A6C4F}.Debug|Win32.ActiveCfg = Debug|Win32
		{2539141D-BE87-429B-BEE3-2F647A8A6C4F}.Debug|Win32.Build.0 = Debug|Win32
		{2539141D-BE87-429B-BEE3-2F647A8A6C4F}.Release|Win32.ActiveCfg = Release|Win32
		{2539141D-BE87-429B-BEE3-2F647A8A6C4F}.Release|Win32.Build.0 = Release|Win32
		{EE730E49-4350-4297-AC99-2A9529CAB98D}.Debug|Win32.ActiveCfg = Debug|Win32
		{EE730E49-4350-4297-AC99-2A9529CAB98D}.Debug|Win32.Build.0 = Debug|Win32
		{EE730E49-4350-4297-AC99-2A9529CAB98D}.Release|Win32.ActiveCfg = Release|Win32
		{EE730E49-4350-4297-AC99-2A9529CAB98D}.Release|Win32.Build.0 = Release|Win32
		{332898E6-4CBD-4848-B676-C8F52954EF79}.Debug|Win32.ActiveCfg = Debug|Win32
		{332898E6-4CBD-4848-B676-C8F52954EF79}.Debug|Win32.Build.0 = Debug|Win32
		{332898E6-4CBD-4848-B676-C8F52954EF79}.Release|Win32.ActiveCfg = Release|Win32
		{332898E6-4CBD-4848-B676-C8F52954EF79}.Release|Win32.Build.0 = Release|Win32
		{02B086BE-28AC-4D12-BCF5-312719E9B4CC}.Debug|Win32.ActiveCfg = Debug|Win32
		{02B086BE-28AC-4D12-BCF5-312719E9B4CC}.Debug|Win32.Build.0 = Debug|Win32
		{02B086BE-28AC-4D12-BCF5-312719E9B4CC}.Release|Win32.ActiveCfg = Release|Win32
		{02B086BE-28AC-4D12-BCF5-312719E9B4CC}.Release|Win32.Build.0 = Release|Win32
	EndGlobalSection
	GlobalSection(SolutionProperties) = preSolution
		HideSolutionNode = FALSE
	EndGlobalSection
EndGlobal
