
Microsoft Visual Studio Solution File, Format Version 12.00
# Visual Studio 2013
VisualStudioVersion = 12.0.31101.0
MinimumVisualStudioVersion = 10.0.40219.1
Project("{8BC9CEB8-8B4A-11D0-8D11-00A0C91BC942}") = "Q2", "Q2\Q2.vcxproj", "{732D3182-DECA-4923-A158-39377CB50B7D}"
EndProject
Project("{8BC9CEB8-8B4A-11D0-8D11-00A0C91BC942}") = "Q9", "Q9\Q9.vcxproj", "{3C27CFE7-A74C-403A-A708-0434ED2D2719}"
EndProject
Project("{8BC9CEB8-8B4A-11D0-8D11-00A0C91BC942}") = "Q10", "Q10\Q10.vcxproj", "{EC940935-F5A2-4480-B60C-D4B06F9808DF}"
EndProject
Project("{8BC9CEB8-8B4A-11D0-8D11-00A0C91BC942}") = "Q13", "q13\q13.vcxproj", "{04AD2932-8872-46D6-80BF-3305371908F6}"
EndProject
Project("{8BC9CEB8-8B4A-11D0-8D11-00A0C91BC942}") = "Q63", "Q63\Q63.vcxproj", "{54D77E7E-1F60-43B3-860B-38334C7275EC}"
EndProject
Project("{8BC9CEB8-8B4A-11D0-8D11-00A0C91BC942}") = "Q64", "Q64\Q64.vcxproj", "{4DDACDC8-7480-4A2F-8478-7E3ABBFDC47A}"
EndProject
Project("{8BC9CEB8-8B4A-11D0-8D11-00A0C91BC942}") = "Q65", "Q65\Q65.vcxproj", "{C76A8E35-1F63-488A-9CEF-57C025196A67}"
EndProject
Project("{8BC9CEB8-8B4A-11D0-8D11-00A0C91BC942}") = "Q66", "Q66\Q66.vcxproj", "{533D8313-9437-4D28-9787-8D384E999E26}"
EndProject
Project("{8BC9CEB8-8B4A-11D0-8D11-00A0C91BC942}") = "Q67", "Q67\Q67.vcxproj", "{71CD1537-452B-4EE8-909A-83B8DECDCFC2}"
EndProject
Project("{8BC9CEB8-8B4A-11D0-8D11-00A0C91BC942}") = "Q68", "Q68\Q68.vcxproj", "{37C49D8D-ABD8-4799-A31A-04F1541405FB}"
EndProject
Project("{8BC9CEB8-8B4A-11D0-8D11-00A0C91BC942}") = "Q69", "Q69\Q69.vcxproj", "{5C14A70C-8246-4DCF-A1E5-F30D3B9BBD82}"
EndProject
Project("{8BC9CEB8-8B4A-11D0-8D11-00A0C91BC942}") = "Q70", "Q70\Q70.vcxproj", "{AF9BEF79-7999-4AF1-9D9C-31DB61EBEB1B}"
EndProject
Project("{8BC9CEB8-8B4A-11D0-8D11-00A0C91BC942}") = "Q71", "Q71\Q71.vcxproj", "{0B099115-887D-4B33-A79F-E8872729764A}"
EndProject
Project("{8BC9CEB8-8B4A-11D0-8D11-00A0C91BC942}") = "Q72", "Q72\Q72.vcxproj", "{A3960A34-7A9F-4E67-B181-CFF78FDE203B}"
EndProject
Project("{8BC9CEB8-8B4A-11D0-8D11-00A0C91BC942}") = "Q73", "Q73\Q73.vcxproj", "{ADD76F5D-C4D6-466B-A797-E2BA1E131623}"
EndProject
Global
	GlobalSection(SolutionConfigurationPlatforms) = preSolution
		Debug|Win32 = Debug|Win32
		Release|Win32 = Release|Win32
	EndGlobalSection
	GlobalSection(ProjectConfigurationPlatforms) = postSolution
		{732D3182-DECA-4923-A158-39377CB50B7D}.Debug|Win32.ActiveCfg = Debug|Win32
		{732D3182-DECA-4923-A158-39377CB50B7D}.Debug|Win32.Build.0 = Debug|Win32
		{732D3182-DECA-4923-A158-39377CB50B7D}.Release|Win32.ActiveCfg = Release|Win32
		{732D3182-DECA-4923-A158-39377CB50B7D}.Release|Win32.Build.0 = Release|Win32
		{3C27CFE7-A74C-403A-A708-0434ED2D2719}.Debug|Win32.ActiveCfg = Debug|Win32
		{3C27CFE7-A74C-403A-A708-0434ED2D2719}.Debug|Win32.Build.0 = Debug|Win32
		{3C27CFE7-A74C-403A-A708-0434ED2D2719}.Release|Win32.ActiveCfg = Release|Win32
		{3C27CFE7-A74C-403A-A708-0434ED2D2719}.Release|Win32.Build.0 = Release|Win32
		{EC940935-F5A2-4480-B60C-D4B06F9808DF}.Debug|Win32.ActiveCfg = Debug|Win32
		{EC940935-F5A2-4480-B60C-D4B06F9808DF}.Debug|Win32.Build.0 = Debug|Win32
		{EC940935-F5A2-4480-B60C-D4B06F9808DF}.Release|Win32.ActiveCfg = Release|Win32
		{EC940935-F5A2-4480-B60C-D4B06F9808DF}.Release|Win32.Build.0 = Release|Win32
		{04AD2932-8872-46D6-80BF-3305371908F6}.Debug|Win32.ActiveCfg = Debug|Win32
		{04AD2932-8872-46D6-80BF-3305371908F6}.Debug|Win32.Build.0 = Debug|Win32
		{04AD2932-8872-46D6-80BF-3305371908F6}.Release|Win32.ActiveCfg = Release|Win32
		{04AD2932-8872-46D6-80BF-3305371908F6}.Release|Win32.Build.0 = Release|Win32
		{54D77E7E-1F60-43B3-860B-38334C7275EC}.Debug|Win32.ActiveCfg = Debug|Win32
		{54D77E7E-1F60-43B3-860B-38334C7275EC}.Debug|Win32.Build.0 = Debug|Win32
		{54D77E7E-1F60-43B3-860B-38334C7275EC}.Release|Win32.ActiveCfg = Release|Win32
		{54D77E7E-1F60-43B3-860B-38334C7275EC}.Release|Win32.Build.0 = Release|Win32
		{4DDACDC8-7480-4A2F-8478-7E3ABBFDC47A}.Debug|Win32.ActiveCfg = Debug|Win32
		{4DDACDC8-7480-4A2F-8478-7E3ABBFDC47A}.Debug|Win32.Build.0 = Debug|Win32
		{4DDACDC8-7480-4A2F-8478-7E3ABBFDC47A}.Release|Win32.ActiveCfg = Release|Win32
		{4DDACDC8-7480-4A2F-8478-7E3ABBFDC47A}.Release|Win32.Build.0 = Release|Win32
		{C76A8E35-1F63-488A-9CEF-57C025196A67}.Debug|Win32.ActiveCfg = Debug|Win32
		{C76A8E35-1F63-488A-9CEF-57C025196A67}.Debug|Win32.Build.0 = Debug|Win32
		{C76A8E35-1F63-488A-9CEF-57C025196A67}.Release|Win32.ActiveCfg = Release|Win32
		{C76A8E35-1F63-488A-9CEF-57C025196A67}.Release|Win32.Build.0 = Release|Win32
		{533D8313-9437-4D28-9787-8D384E999E26}.Debug|Win32.ActiveCfg = Debug|Win32
		{533D8313-9437-4D28-9787-8D384E999E26}.Debug|Win32.Build.0 = Debug|Win32
		{533D8313-9437-4D28-9787-8D384E999E26}.Release|Win32.ActiveCfg = Release|Win32
		{533D8313-9437-4D28-9787-8D384E999E26}.Release|Win32.Build.0 = Release|Win32
		{71CD1537-452B-4EE8-909A-83B8DECDCFC2}.Debug|Win32.ActiveCfg = Debug|Win32
		{71CD1537-452B-4EE8-909A-83B8DECDCFC2}.Debug|Win32.Build.0 = Debug|Win32
		{71CD1537-452B-4EE8-909A-83B8DECDCFC2}.Release|Win32.ActiveCfg = Release|Win32
		{71CD1537-452B-4EE8-909A-83B8DECDCFC2}.Release|Win32.Build.0 = Release|Win32
		{37C49D8D-ABD8-4799-A31A-04F1541405FB}.Debug|Win32.ActiveCfg = Debug|Win32
		{37C49D8D-ABD8-4799-A31A-04F1541405FB}.Debug|Win32.Build.0 = Debug|Win32
		{37C49D8D-ABD8-4799-A31A-04F1541405FB}.Release|Win32.ActiveCfg = Release|Win32
		{37C49D8D-ABD8-4799-A31A-04F1541405FB}.Release|Win32.Build.0 = Release|Win32
		{5C14A70C-8246-4DCF-A1E5-F30D3B9BBD82}.Debug|Win32.ActiveCfg = Debug|Win32
		{5C14A70C-8246-4DCF-A1E5-F30D3B9BBD82}.Debug|Win32.Build.0 = Debug|Win32
		{5C14A70C-8246-4DCF-A1E5-F30D3B9BBD82}.Release|Win32.ActiveCfg = Release|Win32
		{5C14A70C-8246-4DCF-A1E5-F30D3B9BBD82}.Release|Win32.Build.0 = Release|Win32
		{AF9BEF79-7999-4AF1-9D9C-31DB61EBEB1B}.Debug|Win32.ActiveCfg = Debug|Win32
		{AF9BEF79-7999-4AF1-9D9C-31DB61EBEB1B}.Debug|Win32.Build.0 = Debug|Win32
		{AF9BEF79-7999-4AF1-9D9C-31DB61EBEB1B}.Release|Win32.ActiveCfg = Release|Win32
		{AF9BEF79-7999-4AF1-9D9C-31DB61EBEB1B}.Release|Win32.Build.0 = Release|Win32
		{0B099115-887D-4B33-A79F-E8872729764A}.Debug|Win32.ActiveCfg = Debug|Win32
		{0B099115-887D-4B33-A79F-E8872729764A}.Debug|Win32.Build.0 = Debug|Win32
		{0B099115-887D-4B33-A79F-E8872729764A}.Release|Win32.ActiveCfg = Release|Win32
		{0B099115-887D-4B33-A79F-E8872729764A}.Release|Win32.Build.0 = Release|Win32
		{A3960A34-7A9F-4E67-B181-CFF78FDE203B}.Debug|Win32.ActiveCfg = Debug|Win32
		{A3960A34-7A9F-4E67-B181-CFF78FDE203B}.Debug|Win32.Build.0 = Debug|Win32
		{A3960A34-7A9F-4E67-B181-CFF78FDE203B}.Release|Win32.ActiveCfg = Release|Win32
		{A3960A34-7A9F-4E67-B181-CFF78FDE203B}.Release|Win32.Build.0 = Release|Win32
		{ADD76F5D-C4D6-466B-A797-E2BA1E131623}.Debug|Win32.ActiveCfg = Debug|Win32
		{ADD76F5D-C4D6-466B-A797-E2BA1E131623}.Debug|Win32.Build.0 = Debug|Win32
		{ADD76F5D-C4D6-466B-A797-E2BA1E131623}.Release|Win32.ActiveCfg = Release|Win32
		{ADD76F5D-C4D6-466B-A797-E2BA1E131623}.Release|Win32.Build.0 = Release|Win32
	EndGlobalSection
	GlobalSection(SolutionProperties) = preSolution
		HideSolutionNode = FALSE
	EndGlobalSection
EndGlobal
