
Microsoft Visual Studio Solution File, Format Version 12.00
# Visual Studio 2013
VisualStudioVersion = 12.0.31101.0
MinimumVisualStudioVersion = 10.0.40219.1
Project("{8BC9CEB8-8B4A-11D0-8D11-00A0C91BC942}") = "Q75", "Q75\Q75.vcxproj", "{D6451A4F-2C8A-4245-8072-CA917D20462F}"
EndProject
Project("{8BC9CEB8-8B4A-11D0-8D11-00A0C91BC942}") = "Q76", "Q76\Q76.vcxproj", "{FD3F08CA-2A23-4AE5-B30C-24EEA46BDA07}"
EndProject
Project("{8BC9CEB8-8B4A-11D0-8D11-00A0C91BC942}") = "Q77", "Q77\Q77.vcxproj", "{EE8D6BBB-FE46-497D-BE8F-933ED3AB8B4A}"
EndProject
Project("{8BC9CEB8-8B4A-11D0-8D11-00A0C91BC942}") = "Q85", "Q85\Q85.vcxproj", "{D572DE01-97DB-4C6C-9F81-7709CF120F38}"
EndProject
Project("{8BC9CEB8-8B4A-11D0-8D11-00A0C91BC942}") = "Q86", "Q86\Q86.vcxproj", "{4630F423-0A0A-4C38-92B6-46B97EBCD0BE}"
EndProject
Project("{8BC9CEB8-8B4A-11D0-8D11-00A0C91BC942}") = "Q87", "Q87\Q87.vcxproj", "{96BD4D4E-AF8C-4577-BF44-8DE326076A3D}"
EndProject
Project("{8BC9CEB8-8B4A-11D0-8D11-00A0C91BC942}") = "Q88", "Q88\Q88.vcxproj", "{1EAEB811-2FD7-4440-8CD2-F3CC2B47AD54}"
EndProject
Project("{8BC9CEB8-8B4A-11D0-8D11-00A0C91BC942}") = "Q89", "Q89\Q89.vcxproj", "{3BA7BABD-CA75-4EA9-A01A-8DD07355DB00}"
EndProject
Project("{8BC9CEB8-8B4A-11D0-8D11-00A0C91BC942}") = "Q90", "Q90\Q90.vcxproj", "{50E81948-2A08-455B-AB47-E98FFAE0FEDB}"
EndProject
Project("{8BC9CEB8-8B4A-11D0-8D11-00A0C91BC942}") = "Q91", "Q91\Q91.vcxproj", "{0EA3D518-F3FA-46B8-A958-994E8DA2ED46}"
EndProject
Global
	GlobalSection(SolutionConfigurationPlatforms) = preSolution
		Debug|Win32 = Debug|Win32
		Release|Win32 = Release|Win32
	EndGlobalSection
	GlobalSection(ProjectConfigurationPlatforms) = postSolution
		{D6451A4F-2C8A-4245-8072-CA917D20462F}.Debug|Win32.ActiveCfg = Debug|Win32
		{D6451A4F-2C8A-4245-8072-CA917D20462F}.Debug|Win32.Build.0 = Debug|Win32
		{D6451A4F-2C8A-4245-8072-CA917D20462F}.Release|Win32.ActiveCfg = Release|Win32
		{D6451A4F-2C8A-4245-8072-CA917D20462F}.Release|Win32.Build.0 = Release|Win32
		{FD3F08CA-2A23-4AE5-B30C-24EEA46BDA07}.Debug|Win32.ActiveCfg = Debug|Win32
		{FD3F08CA-2A23-4AE5-B30C-24EEA46BDA07}.Debug|Win32.Build.0 = Debug|Win32
		{FD3F08CA-2A23-4AE5-B30C-24EEA46BDA07}.Release|Win32.ActiveCfg = Release|Win32
		{FD3F08CA-2A23-4AE5-B30C-24EEA46BDA07}.Release|Win32.Build.0 = Release|Win32
		{EE8D6BBB-FE46-497D-BE8F-933ED3AB8B4A}.Debug|Win32.ActiveCfg = Debug|Win32
		{EE8D6BBB-FE46-497D-BE8F-933ED3AB8B4A}.Debug|Win32.Build.0 = Debug|Win32
		{EE8D6BBB-FE46-497D-BE8F-933ED3AB8B4A}.Release|Win32.ActiveCfg = Release|Win32
		{EE8D6BBB-FE46-497D-BE8F-933ED3AB8B4A}.Release|Win32.Build.0 = Release|Win32
		{D572DE01-97DB-4C6C-9F81-7709CF120F38}.Debug|Win32.ActiveCfg = Debug|Win32
		{D572DE01-97DB-4C6C-9F81-7709CF120F38}.Debug|Win32.Build.0 = Debug|Win32
		{D572DE01-97DB-4C6C-9F81-7709CF120F38}.Release|Win32.ActiveCfg = Release|Win32
		{D572DE01-97DB-4C6C-9F81-7709CF120F38}.Release|Win32.Build.0 = Release|Win32
		{4630F423-0A0A-4C38-92B6-46B97EBCD0BE}.Debug|Win32.ActiveCfg = Debug|Win32
		{4630F423-0A0A-4C38-92B6-46B97EBCD0BE}.Debug|Win32.Build.0 = Debug|Win32
		{4630F423-0A0A-4C38-92B6-46B97EBCD0BE}.Release|Win32.ActiveCfg = Release|Win32
		{4630F423-0A0A-4C38-92B6-46B97EBCD0BE}.Release|Win32.Build.0 = Release|Win32
		{96BD4D4E-AF8C-4577-BF44-8DE326076A3D}.Debug|Win32.ActiveCfg = Debug|Win32
		{96BD4D4E-AF8C-4577-BF44-8DE326076A3D}.Debug|Win32.Build.0 = Debug|Win32
		{96BD4D4E-AF8C-4577-BF44-8DE326076A3D}.Release|Win32.ActiveCfg = Release|Win32
		{96BD4D4E-AF8C-4577-BF44-8DE326076A3D}.Release|Win32.Build.0 = Release|Win32
		{1EAEB811-2FD7-4440-8CD2-F3CC2B47AD54}.Debug|Win32.ActiveCfg = Debug|Win32
		{1EAEB811-2FD7-4440-8CD2-F3CC2B47AD54}.Debug|Win32.Build.0 = Debug|Win32
		{1EAEB811-2FD7-4440-8CD2-F3CC2B47AD54}.Release|Win32.ActiveCfg = Release|Win32
		{1EAEB811-2FD7-4440-8CD2-F3CC2B47AD54}.Release|Win32.Build.0 = Release|Win32
		{3BA7BABD-CA75-4EA9-A01A-8DD07355DB00}.Debug|Win32.ActiveCfg = Debug|Win32
		{3BA7BABD-CA75-4EA9-A01A-8DD07355DB00}.Debug|Win32.Build.0 = Debug|Win32
		{3BA7BABD-CA75-4EA9-A01A-8DD07355DB00}.Release|Win32.ActiveCfg = Release|Win32
		{3BA7BABD-CA75-4EA9-A01A-8DD07355DB00}.Release|Win32.Build.0 = Release|Win32
		{50E81948-2A08-455B-AB47-E98FFAE0FEDB}.Debug|Win32.ActiveCfg = Debug|Win32
		{50E81948-2A08-455B-AB47-E98FFAE0FEDB}.Debug|Win32.Build.0 = Debug|Win32
		{50E81948-2A08-455B-AB47-E98FFAE0FEDB}.Release|Win32.ActiveCfg = Release|Win32
		{50E81948-2A08-455B-AB47-E98FFAE0FEDB}.Release|Win32.Build.0 = Release|Win32
		{0EA3D518-F3FA-46B8-A958-994E8DA2ED46}.Debug|Win32.ActiveCfg = Debug|Win32
		{0EA3D518-F3FA-46B8-A958-994E8DA2ED46}.Debug|Win32.Build.0 = Debug|Win32
		{0EA3D518-F3FA-46B8-A958-994E8DA2ED46}.Release|Win32.ActiveCfg = Release|Win32
		{0EA3D518-F3FA-46B8-A958-994E8DA2ED46}.Release|Win32.Build.0 = Release|Win32
	EndGlobalSection
	GlobalSection(SolutionProperties) = preSolution
		HideSolutionNode = FALSE
	EndGlobalSection
EndGlobal
